<?xml version="1.0" encoding="UTF-8" standalone="yes" ?>
<CodeBlocks_project_file>
	<FileVersion major="1" minor="6" />
	<Project>
		<Option title="Tetris" />
		<Option pch_mode="2" />
		<Option compiler="gcc" />
		<Build>
			<Target title="Debug">
				<Option output="bin/Debug/Tetris" prefix_auto="1" extension_auto="1" />
				<Option object_output="obj/Debug/" />
				<Option type="1" />
				<Option compiler="gcc" />
				<Compiler>
					<Add option="-g" />
				</Compiler>
				<Linker>
					<Add library="/home/jarrod/ThirdPartyLibs/lib/libglfw3.a" />
				</Linker>
			</Target>
			<Target title="Release">
				<Option output="bin/Release/Tetris" prefix_auto="1" extension_auto="1" />
				<Option object_output="obj/Release/" />
				<Option type="0" />
				<Option compiler="gcc" />
				<Compiler>
					<Add option="-O2" />
					<Add option="-DNDEBUG" />
				</Compiler>
				<Linker>
					<Add option="-s" />
					<Add option="-mwindows" />
					<Add library="/home/jarrod/ThirdPartyLibs/lib/libglfw3.a" />
				</Linker>
			</Target>
		</Build>
		<Compiler>
			<Add option="-Wall" />
			<Add directory="include" />
		</Compiler>
		<Linker>
			<Add library="/home/jarrod/ThirdPartyLibs/lib/libglfw3.a" />
		</Linker>
		<Unit filename="../../ThirdPartyLibs/include/shader_class/shader_class.h" />
		<Unit filename="../../ThirdPartyLibs/include/textureCache_class/textureCache_class.h" />
		<Unit filename="../../ThirdPartyLibs/include/texture_class/texture_class.h" />
		<Unit filename="glad.c">
			<Option compilerVar="CC" />
		</Unit>
		<Unit filename="include/Color.h" />
		<Unit filename="include/GameState.h" />
		<Unit filename="include/HighScore.h" />
		<Unit filename="include/LayoutConstants.h" />
		<Unit filename="include/RenderFrame.h" />
		<Unit filename="include/Renderer.h" />
		<Unit filename="include/Tetromino.h" />
		<Unit filename="main.cpp" />
		<Unit filename="shaders/shader.frag.glsl" />
		<Unit filename="shaders/shader.vert.glsl" />
		<Unit filename="src/GameState.cpp" />
		<Unit filename="src/HighScore.cpp" />
		<Unit filename="src/Renderer.cpp" />
		<Unit filename="src/Tetromino.cpp" />
		<Unit filename="stb_image_implementation.cpp" />
		<Extensions />
	</Project>
</CodeBlocks_project_file>
